
Microsoft Visual Studio Solution File, Format Version 12.00
# Visual Studio 15
VisualStudioVersion = 15.0.28307.106
MinimumVisualStudioVersion = 10.0.40219.1
Project("{FAE04EC0-301F-11D3-BF4B-00C04F79EFBC}") = "Bastis.Web", "Bastis.Web\Bastis.Web.csproj", "{7885A229-6454-44D9-8628-AA9BBC48B67C}"
EndProject
Global
	GlobalSection(SolutionConfigurationPlatforms) = preSolution
		Debug|Any CPU = Debug|Any CPU
		Release|Any CPU = Release|Any CPU
	EndGlobalSection
	GlobalSection(ProjectConfigurationPlatforms) = postSolution
		{7885A229-6454-44D9-8628-AA9BBC48B67C}.Debug|Any CPU.ActiveCfg = Debug|Any CPU
		{7885A229-6454-44D9-8628-AA9BBC48B67C}.Debug|Any CPU.Build.0 = Debug|Any CPU
		{7885A229-6454-44D9-8628-AA9BBC48B67C}.Release|Any CPU.ActiveCfg = Release|Any CPU
		{7885A229-6454-44D9-8628-AA9BBC48B67C}.Release|Any CPU.Build.0 = Release|Any CPU
	EndGlobalSection
	GlobalSection(SolutionProperties) = preSolution
		HideSolutionNode = FALSE
	EndGlobalSection
	GlobalSection(ExtensibilityGlobals) = postSolution
		SolutionGuid = {2B67A287-3DC0-46DF-BA1F-76D1567E4836}
	EndGlobalSection
EndGlobal
